
Microsoft Visual Studio Solution File, Format Version 12.00
# Visual Studio 14
VisualStudioVersion = 14.0.25420.1
MinimumVisualStudioVersion = 10.0.40219.1
Project("{2150E333-8FDC-42A3-9474-1A3956D46DE8}") = "src", "src", "{A9EF439F-3F32-4306-9533-D95B55018512}"
EndProject
Project("{2150E333-8FDC-42A3-9474-1A3956D46DE8}") = "Solution Items", "Solution Items", "{292B118A-1753-4A5F-A6CF-5ECD88AD4E78}"
	ProjectSection(SolutionItems) = preProject
		global.json = global.json
	EndProjectSection
EndProject
Project("{8BB2217D-0F2D-49D1-97BC-3654ED321F3B}") = "SimpleERP.Api", "src\SimpleERP.Api\SimpleERP.Api.xproj", "{695B0FF5-29E9-4BE0-A2D0-FFDA01600B80}"
EndProject
Project("{8BB2217D-0F2D-49D1-97BC-3654ED321F3B}") = "SimpleERP.Infrastructure", "src\SimpleERP.Infrastructure\SimpleERP.Infrastructure.xproj", "{30139885-C30A-488F-87D6-F95C33EAD6F6}"
EndProject
Project("{8BB2217D-0F2D-49D1-97BC-3654ED321F3B}") = "SimpleERP.Objects", "src\SimpleERP.Objects\SimpleERP.Objects.xproj", "{5264E4F9-09BE-45F7-8375-0B8EF6080D4B}"
EndProject
Global
	GlobalSection(SolutionConfigurationPlatforms) = preSolution
		Debug|Any CPU = Debug|Any CPU
		Release|Any CPU = Release|Any CPU
	EndGlobalSection
	GlobalSection(ProjectConfigurationPlatforms) = postSolution
		{695B0FF5-29E9-4BE0-A2D0-FFDA01600B80}.Debug|Any CPU.ActiveCfg = Debug|Any CPU
		{695B0FF5-29E9-4BE0-A2D0-FFDA01600B80}.Debug|Any CPU.Build.0 = Debug|Any CPU
		{695B0FF5-29E9-4BE0-A2D0-FFDA01600B80}.Release|Any CPU.ActiveCfg = Release|Any CPU
		{695B0FF5-29E9-4BE0-A2D0-FFDA01600B80}.Release|Any CPU.Build.0 = Release|Any CPU
		{30139885-C30A-488F-87D6-F95C33EAD6F6}.Debug|Any CPU.ActiveCfg = Debug|Any CPU
		{30139885-C30A-488F-87D6-F95C33EAD6F6}.Debug|Any CPU.Build.0 = Debug|Any CPU
		{30139885-C30A-488F-87D6-F95C33EAD6F6}.Release|Any CPU.ActiveCfg = Release|Any CPU
		{30139885-C30A-488F-87D6-F95C33EAD6F6}.Release|Any CPU.Build.0 = Release|Any CPU
		{5264E4F9-09BE-45F7-8375-0B8EF6080D4B}.Debug|Any CPU.ActiveCfg = Debug|Any CPU
		{5264E4F9-09BE-45F7-8375-0B8EF6080D4B}.Debug|Any CPU.Build.0 = Debug|Any CPU
		{5264E4F9-09BE-45F7-8375-0B8EF6080D4B}.Release|Any CPU.ActiveCfg = Release|Any CPU
		{5264E4F9-09BE-45F7-8375-0B8EF6080D4B}.Release|Any CPU.Build.0 = Release|Any CPU
	EndGlobalSection
	GlobalSection(SolutionProperties) = preSolution
		HideSolutionNode = FALSE
	EndGlobalSection
	GlobalSection(NestedProjects) = preSolution
		{695B0FF5-29E9-4BE0-A2D0-FFDA01600B80} = {A9EF439F-3F32-4306-9533-D95B55018512}
		{30139885-C30A-488F-87D6-F95C33EAD6F6} = {A9EF439F-3F32-4306-9533-D95B55018512}
		{5264E4F9-09BE-45F7-8375-0B8EF6080D4B} = {A9EF439F-3F32-4306-9533-D95B55018512}
	EndGlobalSection
EndGlobal
